
Microsoft Visual Studio Solution File, Format Version 12.00
# Visual Studio Version 17
VisualStudioVersion = 17.0.31919.166
MinimumVisualStudioVersion = 10.0.40219.1
Project("{9A19103F-16F7-4668-BE54-9A1E7A4F7556}") = "XtraCourses.WebApi", "src\XtraCourses.Api\XtraCourses.WebApi.csproj", "{F29652B4-6F54-48D5-80F9-E4EBA1D27094}"
	ProjectSection(ProjectDependencies) = postProject
		{1CC0AEE5-1064-4A03-A361-AC0DD19B0C43} = {1CC0AEE5-1064-4A03-A361-AC0DD19B0C43}
	EndProjectSection
EndProject
Project("{9A19103F-16F7-4668-BE54-9A1E7A4F7556}") = "XtraCourses.Application", "src\XtraCourses.Application\XtraCourses.Application.csproj", "{1CC0AEE5-1064-4A03-A361-AC0DD19B0C43}"
EndProject
Project("{9A19103F-16F7-4668-BE54-9A1E7A4F7556}") = "XtraCourses.Infrastructure", "src\XtraCourses.Infrastructure\XtraCourses.Infrastructure.csproj", "{18770228-39EB-42F4-9A99-2EBC111EDCEC}"
EndProject
Global
	GlobalSection(SolutionConfigurationPlatforms) = preSolution
		Debug|Any CPU = Debug|Any CPU
		Release|Any CPU = Release|Any CPU
	EndGlobalSection
	GlobalSection(ProjectConfigurationPlatforms) = postSolution
		{F29652B4-6F54-48D5-80F9-E4EBA1D27094}.Debug|Any CPU.ActiveCfg = Debug|Any CPU
		{F29652B4-6F54-48D5-80F9-E4EBA1D27094}.Debug|Any CPU.Build.0 = Debug|Any CPU
		{F29652B4-6F54-48D5-80F9-E4EBA1D27094}.Release|Any CPU.ActiveCfg = Release|Any CPU
		{F29652B4-6F54-48D5-80F9-E4EBA1D27094}.Release|Any CPU.Build.0 = Release|Any CPU
		{1CC0AEE5-1064-4A03-A361-AC0DD19B0C43}.Debug|Any CPU.ActiveCfg = Debug|Any CPU
		{1CC0AEE5-1064-4A03-A361-AC0DD19B0C43}.Debug|Any CPU.Build.0 = Debug|Any CPU
		{1CC0AEE5-1064-4A03-A361-AC0DD19B0C43}.Release|Any CPU.ActiveCfg = Release|Any CPU
		{1CC0AEE5-1064-4A03-A361-AC0DD19B0C43}.Release|Any CPU.Build.0 = Release|Any CPU
		{18770228-39EB-42F4-9A99-2EBC111EDCEC}.Debug|Any CPU.ActiveCfg = Debug|Any CPU
		{18770228-39EB-42F4-9A99-2EBC111EDCEC}.Debug|Any CPU.Build.0 = Debug|Any CPU
		{18770228-39EB-42F4-9A99-2EBC111EDCEC}.Release|Any CPU.ActiveCfg = Release|Any CPU
		{18770228-39EB-42F4-9A99-2EBC111EDCEC}.Release|Any CPU.Build.0 = Release|Any CPU
	EndGlobalSection
	GlobalSection(SolutionProperties) = preSolution
		HideSolutionNode = FALSE
	EndGlobalSection
	GlobalSection(ExtensibilityGlobals) = postSolution
		SolutionGuid = {15F9E4A7-BBF2-4F5B-8A3E-946C9183C05B}
	EndGlobalSection
EndGlobal
